
Microsoft Visual Studio Solution File, Format Version 12.00
# Visual Studio Version 16
VisualStudioVersion = 16.0.30717.126
MinimumVisualStudioVersion = 10.0.40219.1
Project("{FAE04EC0-301F-11D3-BF4B-00C04F79EFBC}") = "Home_work_1.1", "Home_work_1.1\Home_work_1.1.csproj", "{36B2F5B1-581E-4DA9-B102-3E3651729BCC}"
EndProject
Project("{FAE04EC0-301F-11D3-BF4B-00C04F79EFBC}") = "Home_work_1.2", "Home_work1.2\Home_work_1.2.csproj", "{15C9C8F7-958F-46B6-854A-5457AA4B681E}"
EndProject
Project("{FAE04EC0-301F-11D3-BF4B-00C04F79EFBC}") = "Home_work_1.3", "Home_work1.3\Home_work_1.3.csproj", "{33F2CF67-0D34-477A-9A03-B8D779082893}"
EndProject
Project("{FAE04EC0-301F-11D3-BF4B-00C04F79EFBC}") = "Home_work_1.4", "Home_work_1.4\Home_work_1.4.csproj", "{9F8E4E8F-257A-4B44-9653-58B23470AEB6}"
EndProject
Project("{FAE04EC0-301F-11D3-BF4B-00C04F79EFBC}") = "Home_work_1.5", "Home_work_1.5\Home_work_1.5.csproj", "{6021E86B-0AFE-4325-A5EF-612CB379DE84}"
EndProject
Global
	GlobalSection(SolutionConfigurationPlatforms) = preSolution
		Debug|Any CPU = Debug|Any CPU
		Release|Any CPU = Release|Any CPU
	EndGlobalSection
	GlobalSection(ProjectConfigurationPlatforms) = postSolution
		{36B2F5B1-581E-4DA9-B102-3E3651729BCC}.Debug|Any CPU.ActiveCfg = Debug|Any CPU
		{36B2F5B1-581E-4DA9-B102-3E3651729BCC}.Debug|Any CPU.Build.0 = Debug|Any CPU
		{36B2F5B1-581E-4DA9-B102-3E3651729BCC}.Release|Any CPU.ActiveCfg = Release|Any CPU
		{36B2F5B1-581E-4DA9-B102-3E3651729BCC}.Release|Any CPU.Build.0 = Release|Any CPU
		{15C9C8F7-958F-46B6-854A-5457AA4B681E}.Debug|Any CPU.ActiveCfg = Debug|Any CPU
		{15C9C8F7-958F-46B6-854A-5457AA4B681E}.Debug|Any CPU.Build.0 = Debug|Any CPU
		{15C9C8F7-958F-46B6-854A-5457AA4B681E}.Release|Any CPU.ActiveCfg = Release|Any CPU
		{15C9C8F7-958F-46B6-854A-5457AA4B681E}.Release|Any CPU.Build.0 = Release|Any CPU
		{33F2CF67-0D34-477A-9A03-B8D779082893}.Debug|Any CPU.ActiveCfg = Debug|Any CPU
		{33F2CF67-0D34-477A-9A03-B8D779082893}.Debug|Any CPU.Build.0 = Debug|Any CPU
		{33F2CF67-0D34-477A-9A03-B8D779082893}.Release|Any CPU.ActiveCfg = Release|Any CPU
		{33F2CF67-0D34-477A-9A03-B8D779082893}.Release|Any CPU.Build.0 = Release|Any CPU
		{9F8E4E8F-257A-4B44-9653-58B23470AEB6}.Debug|Any CPU.ActiveCfg = Debug|Any CPU
		{9F8E4E8F-257A-4B44-9653-58B23470AEB6}.Debug|Any CPU.Build.0 = Debug|Any CPU
		{9F8E4E8F-257A-4B44-9653-58B23470AEB6}.Release|Any CPU.ActiveCfg = Release|Any CPU
		{9F8E4E8F-257A-4B44-9653-58B23470AEB6}.Release|Any CPU.Build.0 = Release|Any CPU
		{6021E86B-0AFE-4325-A5EF-612CB379DE84}.Debug|Any CPU.ActiveCfg = Debug|Any CPU
		{6021E86B-0AFE-4325-A5EF-612CB379DE84}.Debug|Any CPU.Build.0 = Debug|Any CPU
		{6021E86B-0AFE-4325-A5EF-612CB379DE84}.Release|Any CPU.ActiveCfg = Release|Any CPU
		{6021E86B-0AFE-4325-A5EF-612CB379DE84}.Release|Any CPU.Build.0 = Release|Any CPU
	EndGlobalSection
	GlobalSection(SolutionProperties) = preSolution
		HideSolutionNode = FALSE
	EndGlobalSection
	GlobalSection(ExtensibilityGlobals) = postSolution
		SolutionGuid = {323B4949-783C-47C1-99EB-2F4838F89918}
	EndGlobalSection
EndGlobal
