
Microsoft Visual Studio Solution File, Format Version 12.00
# Visual Studio Version 16
VisualStudioVersion = 16.0.30804.86
MinimumVisualStudioVersion = 10.0.40219.1
Project("{FAE04EC0-301F-11D3-BF4B-00C04F79EFBC}") = "home_work_5_3", "homeWorkLesson5\home_work_5_3.csproj", "{C516319B-6BB3-4132-BD70-E1831EA27D28}"
EndProject
Project("{FAE04EC0-301F-11D3-BF4B-00C04F79EFBC}") = "home_work_5_2", "home_work_5_2\home_work_5_2.csproj", "{6967FD00-B185-4E7D-A04D-9DBD17CBCE17}"
EndProject
Project("{FAE04EC0-301F-11D3-BF4B-00C04F79EFBC}") = "home_work_5_4", "home_work_5_4\home_work_5_4.csproj", "{EFAE453A-7159-4114-9CE3-5F54A1450D46}"
EndProject
Global
	GlobalSection(SolutionConfigurationPlatforms) = preSolution
		Debug|Any CPU = Debug|Any CPU
		Release|Any CPU = Release|Any CPU
	EndGlobalSection
	GlobalSection(ProjectConfigurationPlatforms) = postSolution
		{C516319B-6BB3-4132-BD70-E1831EA27D28}.Debug|Any CPU.ActiveCfg = Debug|Any CPU
		{C516319B-6BB3-4132-BD70-E1831EA27D28}.Debug|Any CPU.Build.0 = Debug|Any CPU
		{C516319B-6BB3-4132-BD70-E1831EA27D28}.Release|Any CPU.ActiveCfg = Release|Any CPU
		{C516319B-6BB3-4132-BD70-E1831EA27D28}.Release|Any CPU.Build.0 = Release|Any CPU
		{6967FD00-B185-4E7D-A04D-9DBD17CBCE17}.Debug|Any CPU.ActiveCfg = Debug|Any CPU
		{6967FD00-B185-4E7D-A04D-9DBD17CBCE17}.Debug|Any CPU.Build.0 = Debug|Any CPU
		{6967FD00-B185-4E7D-A04D-9DBD17CBCE17}.Release|Any CPU.ActiveCfg = Release|Any CPU
		{6967FD00-B185-4E7D-A04D-9DBD17CBCE17}.Release|Any CPU.Build.0 = Release|Any CPU
		{EFAE453A-7159-4114-9CE3-5F54A1450D46}.Debug|Any CPU.ActiveCfg = Debug|Any CPU
		{EFAE453A-7159-4114-9CE3-5F54A1450D46}.Debug|Any CPU.Build.0 = Debug|Any CPU
		{EFAE453A-7159-4114-9CE3-5F54A1450D46}.Release|Any CPU.ActiveCfg = Release|Any CPU
		{EFAE453A-7159-4114-9CE3-5F54A1450D46}.Release|Any CPU.Build.0 = Release|Any CPU
	EndGlobalSection
	GlobalSection(SolutionProperties) = preSolution
		HideSolutionNode = FALSE
	EndGlobalSection
	GlobalSection(ExtensibilityGlobals) = postSolution
		SolutionGuid = {E7D860D9-B4C9-4C0B-A201-E450CDB9823E}
	EndGlobalSection
EndGlobal
