
Microsoft Visual Studio Solution File, Format Version 12.00
# Visual Studio Version 16
VisualStudioVersion = 16.0.30804.86
MinimumVisualStudioVersion = 10.0.40219.1
Project("{FAE04EC0-301F-11D3-BF4B-00C04F79EFBC}") = "home_work_6_1", "home_work_6_1\home_work_6_1.csproj", "{7B5439BE-C41E-48B4-BEA6-C2D4D5A8AA07}"
EndProject
Project("{FAE04EC0-301F-11D3-BF4B-00C04F79EFBC}") = "home_work_6_2", "home_work_6_2\home_work_6_2.csproj", "{A825FE4B-32EE-4DB1-A95E-C7B480CE5590}"
EndProject
Global
	GlobalSection(SolutionConfigurationPlatforms) = preSolution
		Debug|Any CPU = Debug|Any CPU
		Release|Any CPU = Release|Any CPU
	EndGlobalSection
	GlobalSection(ProjectConfigurationPlatforms) = postSolution
		{7B5439BE-C41E-48B4-BEA6-C2D4D5A8AA07}.Debug|Any CPU.ActiveCfg = Debug|Any CPU
		{7B5439BE-C41E-48B4-BEA6-C2D4D5A8AA07}.Debug|Any CPU.Build.0 = Debug|Any CPU
		{7B5439BE-C41E-48B4-BEA6-C2D4D5A8AA07}.Release|Any CPU.ActiveCfg = Release|Any CPU
		{7B5439BE-C41E-48B4-BEA6-C2D4D5A8AA07}.Release|Any CPU.Build.0 = Release|Any CPU
		{A825FE4B-32EE-4DB1-A95E-C7B480CE5590}.Debug|Any CPU.ActiveCfg = Debug|Any CPU
		{A825FE4B-32EE-4DB1-A95E-C7B480CE5590}.Debug|Any CPU.Build.0 = Debug|Any CPU
		{A825FE4B-32EE-4DB1-A95E-C7B480CE5590}.Release|Any CPU.ActiveCfg = Release|Any CPU
		{A825FE4B-32EE-4DB1-A95E-C7B480CE5590}.Release|Any CPU.Build.0 = Release|Any CPU
	EndGlobalSection
	GlobalSection(SolutionProperties) = preSolution
		HideSolutionNode = FALSE
	EndGlobalSection
	GlobalSection(ExtensibilityGlobals) = postSolution
		SolutionGuid = {4F496C28-3B81-470C-9252-C2E43CD42393}
	EndGlobalSection
EndGlobal
